// !$*UTF8*$!
{
	archiveVersion = 1;
	classes = {
	};
	objectVersion = 46;
	objects = {

/* Begin PBXBuildFile section */
		5317B7FF1B850DF000C408BD /* FearKit.h in Headers */ = {isa = PBXBuildFile; fileRef = 5317B7E21B850DF000C408BD /* FearKit.h */; };
		5317B8001B850DF000C408BD /* FKNavigationViewController.swift in Sources */ = {isa = PBXBuildFile; fileRef = 5317B7E61B850DF000C408BD /* FKNavigationViewController.swift */; };
		5317B8011B850DF000C408BD /* FKDetailViewController.swift in Sources */ = {isa = PBXBuildFile; fileRef = 5317B7E91B850DF000C408BD /* FKDetailViewController.swift */; };
		5317B8021B850DF000C408BD /* FKMasterDetailViewController.swift in Sources */ = {isa = PBXBuildFile; fileRef = 5317B7EA1B850DF000C408BD /* FKMasterDetailViewController.swift */; };
		5317B8031B850DF000C408BD /* FKMasterCell.swift in Sources */ = {isa = PBXBuildFile; fileRef = 5317B7EC1B850DF000C408BD /* FKMasterCell.swift */; };
		5317B8041B850DF000C408BD /* FKMasterViewController.swift in Sources */ = {isa = PBXBuildFile; fileRef = 5317B7ED1B850DF000C408BD /* FKMasterViewController.swift */; };
		5317B8051B850DF000C408BD /* FKPageViewController.swift in Sources */ = {isa = PBXBuildFile; fileRef = 5317B7EF1B850DF000C408BD /* FKPageViewController.swift */; };
		5317B8061B850DF000C408BD /* FKTabBarController.swift in Sources */ = {isa = PBXBuildFile; fileRef = 5317B7F11B850DF000C408BD /* FKTabBarController.swift */; };
		5317B8071B850DF000C408BD /* FKBubbleColorView.swift in Sources */ = {isa = PBXBuildFile; fileRef = 5317B7F41B850DF000C408BD /* FKBubbleColorView.swift */; };
		5317B8081B850DF000C408BD /* FKFadedLineView.swift in Sources */ = {isa = PBXBuildFile; fileRef = 5317B7F61B850DF000C408BD /* FKFadedLineView.swift */; };
		5317B8091B850DF000C408BD /* FKPageView.swift in Sources */ = {isa = PBXBuildFile; fileRef = 5317B7F81B850DF000C408BD /* FKPageView.swift */; };
		5317B80A1B850DF000C408BD /* FKQuadrantButtonView.swift in Sources */ = {isa = PBXBuildFile; fileRef = 5317B7FA1B850DF000C408BD /* FKQuadrantButtonView.swift */; };
		5317B80B1B850DF000C408BD /* placeholder.png in Resources */ = {isa = PBXBuildFile; fileRef = 5317B7FB1B850DF000C408BD /* placeholder.png */; };
		5317B80C1B850DF000C408BD /* FKTableView.swift in Sources */ = {isa = PBXBuildFile; fileRef = 5317B7FD1B850DF000C408BD /* FKTableView.swift */; };
		5317B80D1B850DF000C408BD /* FKUtil.swift in Sources */ = {isa = PBXBuildFile; fileRef = 5317B7FE1B850DF000C408BD /* FKUtil.swift */; };
		532D09C51B5E85EA009E962E /* FearKit.framework in Frameworks */ = {isa = PBXBuildFile; fileRef = 532D09B91B5E85EA009E962E /* FearKit.framework */; };
		532D09CC1B5E85EA009E962E /* FearKitTests.swift in Sources */ = {isa = PBXBuildFile; fileRef = 532D09CB1B5E85EA009E962E /* FearKitTests.swift */; };
		532D0A491B5E8C9E009E962E /* UIKit.framework in Frameworks */ = {isa = PBXBuildFile; fileRef = 532D0A481B5E8C9E009E962E /* UIKit.framework */; };
/* End PBXBuildFile section */

/* Begin PBXContainerItemProxy section */
		532D09C61B5E85EA009E962E /* PBXContainerItemProxy */ = {
			isa = PBXContainerItemProxy;
			containerPortal = 532D09B01B5E85EA009E962E /* Project object */;
			proxyType = 1;
			remoteGlobalIDString = 532D09B81B5E85EA009E962E;
			remoteInfo = FearKit;
		};
/* End PBXContainerItemProxy section */

/* Begin PBXFileReference section */
		5317B7E21B850DF000C408BD /* FearKit.h */ = {isa = PBXFileReference; fileEncoding = 4; lastKnownFileType = sourcecode.c.h; path = FearKit.h; sourceTree = "<group>"; };
		5317B7E61B850DF000C408BD /* FKNavigationViewController.swift */ = {isa = PBXFileReference; fileEncoding = 4; lastKnownFileType = sourcecode.swift; path = FKNavigationViewController.swift; sourceTree = "<group>"; };
		5317B7E91B850DF000C408BD /* FKDetailViewController.swift */ = {isa = PBXFileReference; fileEncoding = 4; lastKnownFileType = sourcecode.swift; path = FKDetailViewController.swift; sourceTree = "<group>"; };
		5317B7EA1B850DF000C408BD /* FKMasterDetailViewController.swift */ = {isa = PBXFileReference; fileEncoding = 4; lastKnownFileType = sourcecode.swift; path = FKMasterDetailViewController.swift; sourceTree = "<group>"; };
		5317B7EC1B850DF000C408BD /* FKMasterCell.swift */ = {isa = PBXFileReference; fileEncoding = 4; lastKnownFileType = sourcecode.swift; path = FKMasterCell.swift; sourceTree = "<group>"; };
		5317B7ED1B850DF000C408BD /* FKMasterViewController.swift */ = {isa = PBXFileReference; fileEncoding = 4; lastKnownFileType = sourcecode.swift; path = FKMasterViewController.swift; sourceTree = "<group>"; };
		5317B7EF1B850DF000C408BD /* FKPageViewController.swift */ = {isa = PBXFileReference; fileEncoding = 4; lastKnownFileType = sourcecode.swift; path = FKPageViewController.swift; sourceTree = "<group>"; };
		5317B7F11B850DF000C408BD /* FKTabBarController.swift */ = {isa = PBXFileReference; fileEncoding = 4; lastKnownFileType = sourcecode.swift; path = FKTabBarController.swift; sourceTree = "<group>"; };
		5317B7F41B850DF000C408BD /* FKBubbleColorView.swift */ = {isa = PBXFileReference; fileEncoding = 4; lastKnownFileType = sourcecode.swift; path = FKBubbleColorView.swift; sourceTree = "<group>"; };
		5317B7F61B850DF000C408BD /* FKFadedLineView.swift */ = {isa = PBXFileReference; fileEncoding = 4; lastKnownFileType = sourcecode.swift; path = FKFadedLineView.swift; sourceTree = "<group>"; };
		5317B7F81B850DF000C408BD /* FKPageView.swift */ = {isa = PBXFileReference; fileEncoding = 4; lastKnownFileType = sourcecode.swift; path = FKPageView.swift; sourceTree = "<group>"; };
		5317B7FA1B850DF000C408BD /* FKQuadrantButtonView.swift */ = {isa = PBXFileReference; fileEncoding = 4; lastKnownFileType = sourcecode.swift; path = FKQuadrantButtonView.swift; sourceTree = "<group>"; };
		5317B7FB1B850DF000C408BD /* placeholder.png */ = {isa = PBXFileReference; lastKnownFileType = image.png; path = placeholder.png; sourceTree = "<group>"; };
		5317B7FD1B850DF000C408BD /* FKTableView.swift */ = {isa = PBXFileReference; fileEncoding = 4; lastKnownFileType = sourcecode.swift; path = FKTableView.swift; sourceTree = "<group>"; };
		5317B7FE1B850DF000C408BD /* FKUtil.swift */ = {isa = PBXFileReference; fileEncoding = 4; lastKnownFileType = sourcecode.swift; path = FKUtil.swift; sourceTree = "<group>"; };
		532D09B91B5E85EA009E962E /* FearKit.framework */ = {isa = PBXFileReference; explicitFileType = wrapper.framework; includeInIndex = 0; path = FearKit.framework; sourceTree = BUILT_PRODUCTS_DIR; };
		532D09BD1B5E85EA009E962E /* Info.plist */ = {isa = PBXFileReference; lastKnownFileType = text.plist.xml; path = Info.plist; sourceTree = "<group>"; };
		532D09C41B5E85EA009E962E /* FearKitTests.xctest */ = {isa = PBXFileReference; explicitFileType = wrapper.cfbundle; includeInIndex = 0; path = FearKitTests.xctest; sourceTree = BUILT_PRODUCTS_DIR; };
		532D09CA1B5E85EA009E962E /* Info.plist */ = {isa = PBXFileReference; lastKnownFileType = text.plist.xml; path = Info.plist; sourceTree = "<group>"; };
		532D09CB1B5E85EA009E962E /* FearKitTests.swift */ = {isa = PBXFileReference; lastKnownFileType = sourcecode.swift; path = FearKitTests.swift; sourceTree = "<group>"; };
		532D0A481B5E8C9E009E962E /* UIKit.framework */ = {isa = PBXFileReference; lastKnownFileType = wrapper.framework; name = UIKit.framework; path = System/Library/Frameworks/UIKit.framework; sourceTree = SDKROOT; };
/* End PBXFileReference section */

/* Begin PBXFrameworksBuildPhase section */
		532D09B51B5E85EA009E962E /* Frameworks */ = {
			isa = PBXFrameworksBuildPhase;
			buildActionMask = 2147483647;
			files = (
				532D0A491B5E8C9E009E962E /* UIKit.framework in Frameworks */,
			);
			runOnlyForDeploymentPostprocessing = 0;
		};
		532D09C11B5E85EA009E962E /* Frameworks */ = {
			isa = PBXFrameworksBuildPhase;
			buildActionMask = 2147483647;
			files = (
				532D09C51B5E85EA009E962E /* FearKit.framework in Frameworks */,
			);
			runOnlyForDeploymentPostprocessing = 0;
		};
/* End PBXFrameworksBuildPhase section */

/* Begin PBXGroup section */
		5317B7E11B850DF000C408BD /* src */ = {
			isa = PBXGroup;
			children = (
				5317B7E21B850DF000C408BD /* FearKit.h */,
				5317B7E31B850DF000C408BD /* FearUI */,
				5317B7FE1B850DF000C408BD /* FKUtil.swift */,
			);
			path = src;
			sourceTree = "<group>";
		};
		5317B7E31B850DF000C408BD /* FearUI */ = {
			isa = PBXGroup;
			children = (
				5317B7E41B850DF000C408BD /* View Controllers */,
				5317B7F21B850DF000C408BD /* Views */,
			);
			path = FearUI;
			sourceTree = "<group>";
		};
		5317B7E41B850DF000C408BD /* View Controllers */ = {
			isa = PBXGroup;
			children = (
				5317B7E51B850DF000C408BD /* FKBottomNavigationController */,
				5317B7E71B850DF000C408BD /* FKMasterDetailViewController */,
				5317B7EE1B850DF000C408BD /* FKPageViewController */,
				5317B7F01B850DF000C408BD /* FKTabBarController */,
			);
			path = "View Controllers";
			sourceTree = "<group>";
		};
		5317B7E51B850DF000C408BD /* FKBottomNavigationController */ = {
			isa = PBXGroup;
			children = (
				5317B7E61B850DF000C408BD /* FKNavigationViewController.swift */,
			);
			path = FKBottomNavigationController;
			sourceTree = "<group>";
		};
		5317B7E71B850DF000C408BD /* FKMasterDetailViewController */ = {
			isa = PBXGroup;
			children = (
				5317B7E81B850DF000C408BD /* Detail */,
				5317B7EA1B850DF000C408BD /* FKMasterDetailViewController.swift */,
				5317B7EB1B850DF000C408BD /* Master */,
			);
			path = FKMasterDetailViewController;
			sourceTree = "<group>";
		};
		5317B7E81B850DF000C408BD /* Detail */ = {
			isa = PBXGroup;
			children = (
				5317B7E91B850DF000C408BD /* FKDetailViewController.swift */,
			);
			path = Detail;
			sourceTree = "<group>";
		};
		5317B7EB1B850DF000C408BD /* Master */ = {
			isa = PBXGroup;
			children = (
				5317B7EC1B850DF000C408BD /* FKMasterCell.swift */,
				5317B7ED1B850DF000C408BD /* FKMasterViewController.swift */,
			);
			path = Master;
			sourceTree = "<group>";
		};
		5317B7EE1B850DF000C408BD /* FKPageViewController */ = {
			isa = PBXGroup;
			children = (
				5317B7EF1B850DF000C408BD /* FKPageViewController.swift */,
			);
			path = FKPageViewController;
			sourceTree = "<group>";
		};
		5317B7F01B850DF000C408BD /* FKTabBarController */ = {
			isa = PBXGroup;
			children = (
				5317B7F11B850DF000C408BD /* FKTabBarController.swift */,
			);
			path = FKTabBarController;
			sourceTree = "<group>";
		};
		5317B7F21B850DF000C408BD /* Views */ = {
			isa = PBXGroup;
			children = (
				5317B7F31B850DF000C408BD /* FKBubbleColorView */,
				5317B7F51B850DF000C408BD /* FKFadedLine */,
				5317B7F71B850DF000C408BD /* FKPageView */,
				5317B7F91B850DF000C408BD /* FKQuadrantButtonView */,
				5317B7FC1B850DF000C408BD /* FKTableView */,
			);
			path = Views;
			sourceTree = "<group>";
		};
		5317B7F31B850DF000C408BD /* FKBubbleColorView */ = {
			isa = PBXGroup;
			children = (
				5317B7F41B850DF000C408BD /* FKBubbleColorView.swift */,
			);
			path = FKBubbleColorView;
			sourceTree = "<group>";
		};
		5317B7F51B850DF000C408BD /* FKFadedLine */ = {
			isa = PBXGroup;
			children = (
				5317B7F61B850DF000C408BD /* FKFadedLineView.swift */,
			);
			path = FKFadedLine;
			sourceTree = "<group>";
		};
		5317B7F71B850DF000C408BD /* FKPageView */ = {
			isa = PBXGroup;
			children = (
				5317B7F81B850DF000C408BD /* FKPageView.swift */,
			);
			path = FKPageView;
			sourceTree = "<group>";
		};
		5317B7F91B850DF000C408BD /* FKQuadrantButtonView */ = {
			isa = PBXGroup;
			children = (
				5317B7FA1B850DF000C408BD /* FKQuadrantButtonView.swift */,
				5317B7FB1B850DF000C408BD /* placeholder.png */,
			);
			path = FKQuadrantButtonView;
			sourceTree = "<group>";
		};
		5317B7FC1B850DF000C408BD /* FKTableView */ = {
			isa = PBXGroup;
			children = (
				5317B7FD1B850DF000C408BD /* FKTableView.swift */,
			);
			path = FKTableView;
			sourceTree = "<group>";
		};
		532D09AF1B5E85EA009E962E = {
			isa = PBXGroup;
			children = (
				532D0A481B5E8C9E009E962E /* UIKit.framework */,
				532D09BB1B5E85EA009E962E /* FearKit */,
				532D09C81B5E85EA009E962E /* FearKitTests */,
				532D09BA1B5E85EA009E962E /* Products */,
			);
			sourceTree = "<group>";
		};
		532D09BA1B5E85EA009E962E /* Products */ = {
			isa = PBXGroup;
			children = (
				532D09B91B5E85EA009E962E /* FearKit.framework */,
				532D09C41B5E85EA009E962E /* FearKitTests.xctest */,
			);
			name = Products;
			sourceTree = "<group>";
		};
		532D09BB1B5E85EA009E962E /* FearKit */ = {
			isa = PBXGroup;
			children = (
				5317B7E11B850DF000C408BD /* src */,
				532D09BC1B5E85EA009E962E /* Supporting Files */,
			);
			path = FearKit;
			sourceTree = "<group>";
		};
		532D09BC1B5E85EA009E962E /* Supporting Files */ = {
			isa = PBXGroup;
			children = (
				532D09BD1B5E85EA009E962E /* Info.plist */,
			);
			name = "Supporting Files";
			sourceTree = "<group>";
		};
		532D09C81B5E85EA009E962E /* FearKitTests */ = {
			isa = PBXGroup;
			children = (
				532D09CB1B5E85EA009E962E /* FearKitTests.swift */,
				532D09C91B5E85EA009E962E /* Supporting Files */,
			);
			path = FearKitTests;
			sourceTree = "<group>";
		};
		532D09C91B5E85EA009E962E /* Supporting Files */ = {
			isa = PBXGroup;
			children = (
				532D09CA1B5E85EA009E962E /* Info.plist */,
			);
			name = "Supporting Files";
			sourceTree = "<group>";
		};
/* End PBXGroup section */

/* Begin PBXHeadersBuildPhase section */
		532D09B61B5E85EA009E962E /* Headers */ = {
			isa = PBXHeadersBuildPhase;
			buildActionMask = 2147483647;
			files = (
				5317B7FF1B850DF000C408BD /* FearKit.h in Headers */,
			);
			runOnlyForDeploymentPostprocessing = 0;
		};
/* End PBXHeadersBuildPhase section */

/* Begin PBXNativeTarget section */
		532D09B81B5E85EA009E962E /* FearKit */ = {
			isa = PBXNativeTarget;
			buildConfigurationList = 532D09CF1B5E85EA009E962E /* Build configuration list for PBXNativeTarget "FearKit" */;
			buildPhases = (
				532D09B51B5E85EA009E962E /* Frameworks */,
				532D09B41B5E85EA009E962E /* Sources */,
				532D09B61B5E85EA009E962E /* Headers */,
				532D09B71B5E85EA009E962E /* Resources */,
			);
			buildRules = (
			);
			dependencies = (
			);
			name = FearKit;
			productName = FearKit;
			productReference = 532D09B91B5E85EA009E962E /* FearKit.framework */;
			productType = "com.apple.product-type.framework";
		};
		532D09C31B5E85EA009E962E /* FearKitTests */ = {
			isa = PBXNativeTarget;
			buildConfigurationList = 532D09D21B5E85EA009E962E /* Build configuration list for PBXNativeTarget "FearKitTests" */;
			buildPhases = (
				532D09C01B5E85EA009E962E /* Sources */,
				532D09C11B5E85EA009E962E /* Frameworks */,
				532D09C21B5E85EA009E962E /* Resources */,
			);
			buildRules = (
			);
			dependencies = (
				532D09C71B5E85EA009E962E /* PBXTargetDependency */,
			);
			name = FearKitTests;
			productName = FearKitTests;
			productReference = 532D09C41B5E85EA009E962E /* FearKitTests.xctest */;
			productType = "com.apple.product-type.bundle.unit-test";
		};
/* End PBXNativeTarget section */

/* Begin PBXProject section */
		532D09B01B5E85EA009E962E /* Project object */ = {
			isa = PBXProject;
			attributes = {
				CLASSPREFIX = FK;
				LastUpgradeCheck = 0640;
				ORGANIZATIONNAME = "Chris Feher";
				TargetAttributes = {
					532D09B81B5E85EA009E962E = {
						CreatedOnToolsVersion = 6.4;
					};
					532D09C31B5E85EA009E962E = {
						CreatedOnToolsVersion = 6.4;
					};
				};
			};
			buildConfigurationList = 532D09B31B5E85EA009E962E /* Build configuration list for PBXProject "FearKit" */;
			compatibilityVersion = "Xcode 3.2";
			developmentRegion = English;
			hasScannedForEncodings = 0;
			knownRegions = (
				en,
			);
			mainGroup = 532D09AF1B5E85EA009E962E;
			productRefGroup = 532D09BA1B5E85EA009E962E /* Products */;
			projectDirPath = "";
			projectRoot = "";
			targets = (
				532D09B81B5E85EA009E962E /* FearKit */,
				532D09C31B5E85EA009E962E /* FearKitTests */,
			);
		};
/* End PBXProject section */

/* Begin PBXResourcesBuildPhase section */
		532D09B71B5E85EA009E962E /* Resources */ = {
			isa = PBXResourcesBuildPhase;
			buildActionMask = 2147483647;
			files = (
				5317B80B1B850DF000C408BD /* placeholder.png in Resources */,
			);
			runOnlyForDeploymentPostprocessing = 0;
		};
		532D09C21B5E85EA009E962E /* Resources */ = {
			isa = PBXResourcesBuildPhase;
			buildActionMask = 2147483647;
			files = (
			);
			runOnlyForDeploymentPostprocessing = 0;
		};
/* End PBXResourcesBuildPhase section */

/* Begin PBXSourcesBuildPhase section */
		532D09B41B5E85EA009E962E /* Sources */ = {
			isa = PBXSourcesBuildPhase;
			buildActionMask = 2147483647;
			files = (
				5317B80C1B850DF000C408BD /* FKTableView.swift in Sources */,
				5317B8011B850DF000C408BD /* FKDetailViewController.swift in Sources */,
				5317B80A1B850DF000C408BD /* FKQuadrantButtonView.swift in Sources */,
				5317B8081B850DF000C408BD /* FKFadedLineView.swift in Sources */,
				5317B8071B850DF000C408BD /* FKBubbleColorView.swift in Sources */,
				5317B8061B850DF000C408BD /* FKTabBarController.swift in Sources */,
				5317B8041B850DF000C408BD /* FKMasterViewController.swift in Sources */,
				5317B8051B850DF000C408BD /* FKPageViewController.swift in Sources */,
				5317B8021B850DF000C408BD /* FKMasterDetailViewController.swift in Sources */,
				5317B8031B850DF000C408BD /* FKMasterCell.swift in Sources */,
				5317B8091B850DF000C408BD /* FKPageView.swift in Sources */,
				5317B8001B850DF000C408BD /* FKNavigationViewController.swift in Sources */,
				5317B80D1B850DF000C408BD /* FKUtil.swift in Sources */,
			);
			runOnlyForDeploymentPostprocessing = 0;
		};
		532D09C01B5E85EA009E962E /* Sources */ = {
			isa = PBXSourcesBuildPhase;
			buildActionMask = 2147483647;
			files = (
				532D09CC1B5E85EA009E962E /* FearKitTests.swift in Sources */,
			);
			runOnlyForDeploymentPostprocessing = 0;
		};
/* End PBXSourcesBuildPhase section */

/* Begin PBXTargetDependency section */
		532D09C71B5E85EA009E962E /* PBXTargetDependency */ = {
			isa = PBXTargetDependency;
			target = 532D09B81B5E85EA009E962E /* FearKit */;
			targetProxy = 532D09C61B5E85EA009E962E /* PBXContainerItemProxy */;
		};
/* End PBXTargetDependency section */

/* Begin XCBuildConfiguration section */
		532D09CD1B5E85EA009E962E /* Debug */ = {
			isa = XCBuildConfiguration;
			buildSettings = {
				ALWAYS_SEARCH_USER_PATHS = NO;
				CLANG_CXX_LANGUAGE_STANDARD = "gnu++0x";
				CLANG_CXX_LIBRARY = "libc++";
				CLANG_ENABLE_MODULES = YES;
				CLANG_ENABLE_OBJC_ARC = YES;
				CLANG_WARN_BOOL_CONVERSION = YES;
				CLANG_WARN_CONSTANT_CONVERSION = YES;
				CLANG_WARN_DIRECT_OBJC_ISA_USAGE = YES_ERROR;
				CLANG_WARN_EMPTY_BODY = YES;
				CLANG_WARN_ENUM_CONVERSION = YES;
				CLANG_WARN_INT_CONVERSION = YES;
				CLANG_WARN_OBJC_ROOT_CLASS = YES_ERROR;
				CLANG_WARN_UNREACHABLE_CODE = YES;
				CLANG_WARN__DUPLICATE_METHOD_MATCH = YES;
				"CODE_SIGN_IDENTITY[sdk=iphoneos*]" = "iPhone Developer";
				COPY_PHASE_STRIP = NO;
				CURRENT_PROJECT_VERSION = 1;
				DEBUG_INFORMATION_FORMAT = "dwarf-with-dsym";
				ENABLE_STRICT_OBJC_MSGSEND = YES;
				GCC_C_LANGUAGE_STANDARD = gnu99;
				GCC_DYNAMIC_NO_PIC = NO;
				GCC_NO_COMMON_BLOCKS = YES;
				GCC_OPTIMIZATION_LEVEL = 0;
				GCC_PREPROCESSOR_DEFINITIONS = (
					"DEBUG=1",
					"$(inherited)",
				);
				GCC_SYMBOLS_PRIVATE_EXTERN = NO;
				GCC_WARN_64_TO_32_BIT_CONVERSION = YES;
				GCC_WARN_ABOUT_RETURN_TYPE = YES_ERROR;
				GCC_WARN_UNDECLARED_SELECTOR = YES;
				GCC_WARN_UNINITIALIZED_AUTOS = YES_AGGRESSIVE;
				GCC_WARN_UNUSED_FUNCTION = YES;
				GCC_WARN_UNUSED_VARIABLE = YES;
				IPHONEOS_DEPLOYMENT_TARGET = 8.4;
				MTL_ENABLE_DEBUG_INFO = YES;
				ONLY_ACTIVE_ARCH = YES;
				SDKROOT = iphoneos;
				SWIFT_OPTIMIZATION_LEVEL = "-Onone";
				TARGETED_DEVICE_FAMILY = "1,2";
				VERSIONING_SYSTEM = "apple-generic";
				VERSION_INFO_PREFIX = "";
			};
			name = Debug;
		};
		532D09CE1B5E85EA009E962E /* Release */ = {
			isa = XCBuildConfiguration;
			buildSettings = {
				ALWAYS_SEARCH_USER_PATHS = NO;
				CLANG_CXX_LANGUAGE_STANDARD = "gnu++0x";
				CLANG_CXX_LIBRARY = "libc++";
				CLANG_ENABLE_MODULES = YES;
				CLANG_ENABLE_OBJC_ARC = YES;
				CLANG_WARN_BOOL_CONVERSION = YES;
				CLANG_WARN_CONSTANT_CONVERSION = YES;
				CLANG_WARN_DIRECT_OBJC_ISA_USAGE = YES_ERROR;
				CLANG_WARN_EMPTY_BODY = YES;
				CLANG_WARN_ENUM_CONVERSION = YES;
				CLANG_WARN_INT_CONVERSION = YES;
				CLANG_WARN_OBJC_ROOT_CLASS = YES_ERROR;
				CLANG_WARN_UNREACHABLE_CODE = YES;
				CLANG_WARN__DUPLICATE_METHOD_MATCH = YES;
				"CODE_SIGN_IDENTITY[sdk=iphoneos*]" = "iPhone Developer";
				COPY_PHASE_STRIP = NO;
				CURRENT_PROJECT_VERSION = 1;
				DEBUG_INFORMATION_FORMAT = "dwarf-with-dsym";
				ENABLE_NS_ASSERTIONS = NO;
				ENABLE_STRICT_OBJC_MSGSEND = YES;
				GCC_C_LANGUAGE_STANDARD = gnu99;
				GCC_NO_COMMON_BLOCKS = YES;
				GCC_WARN_64_TO_32_BIT_CONVERSION = YES;
				GCC_WARN_ABOUT_RETURN_TYPE = YES_ERROR;
				GCC_WARN_UNDECLARED_SELECTOR = YES;
				GCC_WARN_UNINITIALIZED_AUTOS = YES_AGGRESSIVE;
				GCC_WARN_UNUSED_FUNCTION = YES;
				GCC_WARN_UNUSED_VARIABLE = YES;
				IPHONEOS_DEPLOYMENT_TARGET = 8.4;
				MTL_ENABLE_DEBUG_INFO = NO;
				SDKROOT = iphoneos;
				TARGETED_DEVICE_FAMILY = "1,2";
				VALIDATE_PRODUCT = YES;
				VERSIONING_SYSTEM = "apple-generic";
				VERSION_INFO_PREFIX = "";
			};
			name = Release;
		};
		532D09D01B5E85EA009E962E /* Debug */ = {
			isa = XCBuildConfiguration;
			buildSettings = {
				DEFINES_MODULE = YES;
				DYLIB_COMPATIBILITY_VERSION = 1;
				DYLIB_CURRENT_VERSION = 1;
				DYLIB_INSTALL_NAME_BASE = "@rpath";
				INFOPLIST_FILE = FearKit/Info.plist;
				INSTALL_PATH = "$(LOCAL_LIBRARY_DIR)/Frameworks";
				LD_RUNPATH_SEARCH_PATHS = "$(inherited) @executable_path/Frameworks @loader_path/Frameworks";
				PRODUCT_NAME = "$(TARGET_NAME)";
				SKIP_INSTALL = YES;
				TARGETED_DEVICE_FAMILY = "1,2";
			};
			name = Debug;
		};
		532D09D11B5E85EA009E962E /* Release */ = {
			isa = XCBuildConfiguration;
			buildSettings = {
				DEFINES_MODULE = YES;
				DYLIB_COMPATIBILITY_VERSION = 1;
				DYLIB_CURRENT_VERSION = 1;
				DYLIB_INSTALL_NAME_BASE = "@rpath";
				INFOPLIST_FILE = FearKit/Info.plist;
				INSTALL_PATH = "$(LOCAL_LIBRARY_DIR)/Frameworks";
				LD_RUNPATH_SEARCH_PATHS = "$(inherited) @executable_path/Frameworks @loader_path/Frameworks";
				PRODUCT_NAME = "$(TARGET_NAME)";
				SKIP_INSTALL = YES;
				TARGETED_DEVICE_FAMILY = "1,2";
			};
			name = Release;
		};
		532D09D31B5E85EA009E962E /* Debug */ = {
			isa = XCBuildConfiguration;
			buildSettings = {
				FRAMEWORK_SEARCH_PATHS = (
					"$(SDKROOT)/Developer/Library/Frameworks",
					"$(inherited)",
				);
				GCC_PREPROCESSOR_DEFINITIONS = (
					"DEBUG=1",
					"$(inherited)",
				);
				INFOPLIST_FILE = FearKitTests/Info.plist;
				LD_RUNPATH_SEARCH_PATHS = "$(inherited) @executable_path/Frameworks @loader_path/Frameworks";
				PRODUCT_NAME = "$(TARGET_NAME)";
			};
			name = Debug;
		};
		532D09D41B5E85EA009E962E /* Release */ = {
			isa = XCBuildConfiguration;
			buildSettings = {
				FRAMEWORK_SEARCH_PATHS = (
					"$(SDKROOT)/Developer/Library/Frameworks",
					"$(inherited)",
				);
				INFOPLIST_FILE = FearKitTests/Info.plist;
				LD_RUNPATH_SEARCH_PATHS = "$(inherited) @executable_path/Frameworks @loader_path/Frameworks";
				PRODUCT_NAME = "$(TARGET_NAME)";
			};
			name = Release;
		};
/* End XCBuildConfiguration section */

/* Begin XCConfigurationList section */
		532D09B31B5E85EA009E962E /* Build configuration list for PBXProject "FearKit" */ = {
			isa = XCConfigurationList;
			buildConfigurations = (
				532D09CD1B5E85EA009E962E /* Debug */,
				532D09CE1B5E85EA009E962E /* Release */,
			);
			defaultConfigurationIsVisible = 0;
			defaultConfigurationName = Release;
		};
		532D09CF1B5E85EA009E962E /* Build configuration list for PBXNativeTarget "FearKit" */ = {
			isa = XCConfigurationList;
			buildConfigurations = (
				532D09D01B5E85EA009E962E /* Debug */,
				532D09D11B5E85EA009E962E /* Release */,
			);
			defaultConfigurationIsVisible = 0;
			defaultConfigurationName = Release;
		};
		532D09D21B5E85EA009E962E /* Build configuration list for PBXNativeTarget "FearKitTests" */ = {
			isa = XCConfigurationList;
			buildConfigurations = (
				532D09D31B5E85EA009E962E /* Debug */,
				532D09D41B5E85EA009E962E /* Release */,
			);
			defaultConfigurationIsVisible = 0;
			defaultConfigurationName = Release;
		};
/* End XCConfigurationList section */
	};
	rootObject = 532D09B01B5E85EA009E962E /* Project object */;
}
